
Microsoft Visual Studio Solution File, Format Version 12.00
# Visual Studio Version 17
VisualStudioVersion = 17.13.35818.85 d17.13
MinimumVisualStudioVersion = 10.0.40219.1
Project("{8BC9CEB8-8B4A-11D0-8D11-00A0C91BC942}") = "BitHomework1", "BitHomework1.vcxproj", "{DFF35381-88B2-45C2-A073-958DFEC0C162}"
EndProject
Global
	GlobalSection(SolutionConfigurationPlatforms) = preSolution
		Debug|x64 = Debug|x64
		Debug|x86 = Debug|x86
		Release|x64 = Release|x64
		Release|x86 = Release|x86
	EndGlobalSection
	GlobalSection(ProjectConfigurationPlatforms) = postSolution
		{DFF35381-88B2-45C2-A073-958DFEC0C162}.Debug|x64.ActiveCfg = Debug|x64
		{DFF35381-88B2-45C2-A073-958DFEC0C162}.Debug|x64.Build.0 = Debug|x64
		{DFF35381-88B2-45C2-A073-958DFEC0C162}.Debug|x86.ActiveCfg = Debug|Win32
		{DFF35381-88B2-45C2-A073-958DFEC0C162}.Debug|x86.Build.0 = Debug|Win32
		{DFF35381-88B2-45C2-A073-958DFEC0C162}.Release|x64.ActiveCfg = Release|x64
		{DFF35381-88B2-45C2-A073-958DFEC0C162}.Release|x64.Build.0 = Release|x64
		{DFF35381-88B2-45C2-A073-958DFEC0C162}.Release|x86.ActiveCfg = Release|Win32
		{DFF35381-88B2-45C2-A073-958DFEC0C162}.Release|x86.Build.0 = Release|Win32
	EndGlobalSection
	GlobalSection(SolutionProperties) = preSolution
		HideSolutionNode = FALSE
	EndGlobalSection
	GlobalSection(ExtensibilityGlobals) = postSolution
		SolutionGuid = {49B96459-7998-4754-86F1-7AA88E1C0E17}
	EndGlobalSection
EndGlobal
